{
  "name": "mcp-provenance-capsules",
  "version": "0.2.0",
  "lockfileVersion": 3,
  "requires": true,
  "packages": {
    "": {
      "name": "mcp-provenance-capsules",
      "version": "0.2.0",
      "license": "MIT",
      "bin": {
        "verify-capsule": "bin/verify-capsule.js"
      },
      "devDependencies": {
        "@opentelemetry/api": "^1.9.1"
      },
      "engines": {
        "node": ">=20"
      }
    },
    "node_modules/@opentelemetry/api": {
      "version": "1.9.1",
      "resolved": "https://registry.npmjs.org/@opentelemetry/api/-/api-1.9.1.tgz",
      "integrity": "sha512-gLyJlPHPZYdAk1JENA9LeHejZe1Ti77/pTeFm/nMXmQH/HFZlcS/O2XJB+L8fkbrNSqhdtlvjBVjxwUYanNH5Q==",
      "dev": true,
      "license": "Apache-2.0",
      "engines": {
        "node": ">=8.0.0"
      }
    }
  }
}
